# This file is automatically @generated by Cargo.
# It is not intended for manual editing.
version = 3

[[package]]
name = "ngram-index"
version = "0.0.0"

[[package]]
name = "ngram-query"
version = "0.0.0"
dependencies = [
 "regex-syntax",
]

[[package]]
name = "ngram-watcher"
version = "0.0.0"

[[package]]
name = "regex-syntax"
version = "0.8.4"
source = "registry+https://github.com/rust-lang/crates.io-index"
checksum = "7a66a03ae7c801facd77a29370b4faec201768915ac14a721ba36f20bc9c209b"

[[package]]
name = "telepathygrams"
version = "0.0.0"
dependencies = [
 "ngram-index",
]
